
Microsoft Visual Studio Solution File, Format Version 12.00
# Visual Studio Version 16
VisualStudioVersion = 16.0.31702.278
MinimumVisualStudioVersion = 10.0.40219.1
Project("{FAE04EC0-301F-11D3-BF4B-00C04F79EFBC}") = "DomanMahjongStatus", "DomanMahjongStatus\DomanMahjongStatus.csproj", "{11539BBF-0203-4C6A-99E2-6AB9D11663DD}"
EndProject
Global
	GlobalSection(SolutionConfigurationPlatforms) = preSolution
		Debug|Any CPU = Debug|Any CPU
		Release|Any CPU = Release|Any CPU
	EndGlobalSection
	GlobalSection(ProjectConfigurationPlatforms) = postSolution
		{11539BBF-0203-4C6A-99E2-6AB9D11663DD}.Debug|Any CPU.ActiveCfg = Debug|Any CPU
		{11539BBF-0203-4C6A-99E2-6AB9D11663DD}.Debug|Any CPU.Build.0 = Debug|Any CPU
		{11539BBF-0203-4C6A-99E2-6AB9D11663DD}.Release|Any CPU.ActiveCfg = Release|Any CPU
		{11539BBF-0203-4C6A-99E2-6AB9D11663DD}.Release|Any CPU.Build.0 = Release|Any CPU
	EndGlobalSection
	GlobalSection(SolutionProperties) = preSolution
		HideSolutionNode = FALSE
	EndGlobalSection
	GlobalSection(ExtensibilityGlobals) = postSolution
		SolutionGuid = {7CBDC338-5238-4692-8113-EF8AF8743211}
	EndGlobalSection
EndGlobal
